
Microsoft Visual Studio Solution File, Format Version 12.00
# Visual Studio Version 17
VisualStudioVersion = 17.8.34525.116
MinimumVisualStudioVersion = 10.0.40219.1
Project("{FAE04EC0-301F-11D3-BF4B-00C04F79EFBC}") = "Week3IfandSwitch", "Week3IfandSwitch\Week3IfandSwitch.csproj", "{3297CC57-1639-4E33-B271-5C6C8DCB0B4D}"
EndProject
Project("{FAE04EC0-301F-11D3-BF4B-00C04F79EFBC}") = "OddOrEven", "OddOrEven\OddOrEven.csproj", "{673E5933-40D7-4098-953E-72542A6835E0}"
EndProject
Project("{FAE04EC0-301F-11D3-BF4B-00C04F79EFBC}") = "DayOfTheWeekIf", "DayOfTheWeekIf\DayOfTheWeekIf.csproj", "{2D88B609-AF4C-4316-8B3C-2464468864B4}"
EndProject
Project("{FAE04EC0-301F-11D3-BF4B-00C04F79EFBC}") = "SwitchDayOfTheWeek", "SwitchDayOfTheWeek\SwitchDayOfTheWeek.csproj", "{F44ED40C-78A5-4687-9BF5-99D9D1CE3A63}"
EndProject
Global
	GlobalSection(SolutionConfigurationPlatforms) = preSolution
		Debug|Any CPU = Debug|Any CPU
		Release|Any CPU = Release|Any CPU
	EndGlobalSection
	GlobalSection(ProjectConfigurationPlatforms) = postSolution
		{3297CC57-1639-4E33-B271-5C6C8DCB0B4D}.Debug|Any CPU.ActiveCfg = Debug|Any CPU
		{3297CC57-1639-4E33-B271-5C6C8DCB0B4D}.Debug|Any CPU.Build.0 = Debug|Any CPU
		{3297CC57-1639-4E33-B271-5C6C8DCB0B4D}.Release|Any CPU.ActiveCfg = Release|Any CPU
		{3297CC57-1639-4E33-B271-5C6C8DCB0B4D}.Release|Any CPU.Build.0 = Release|Any CPU
		{673E5933-40D7-4098-953E-72542A6835E0}.Debug|Any CPU.ActiveCfg = Debug|Any CPU
		{673E5933-40D7-4098-953E-72542A6835E0}.Debug|Any CPU.Build.0 = Debug|Any CPU
		{673E5933-40D7-4098-953E-72542A6835E0}.Release|Any CPU.ActiveCfg = Release|Any CPU
		{673E5933-40D7-4098-953E-72542A6835E0}.Release|Any CPU.Build.0 = Release|Any CPU
		{2D88B609-AF4C-4316-8B3C-2464468864B4}.Debug|Any CPU.ActiveCfg = Debug|Any CPU
		{2D88B609-AF4C-4316-8B3C-2464468864B4}.Debug|Any CPU.Build.0 = Debug|Any CPU
		{2D88B609-AF4C-4316-8B3C-2464468864B4}.Release|Any CPU.ActiveCfg = Release|Any CPU
		{2D88B609-AF4C-4316-8B3C-2464468864B4}.Release|Any CPU.Build.0 = Release|Any CPU
		{F44ED40C-78A5-4687-9BF5-99D9D1CE3A63}.Debug|Any CPU.ActiveCfg = Debug|Any CPU
		{F44ED40C-78A5-4687-9BF5-99D9D1CE3A63}.Debug|Any CPU.Build.0 = Debug|Any CPU
		{F44ED40C-78A5-4687-9BF5-99D9D1CE3A63}.Release|Any CPU.ActiveCfg = Release|Any CPU
		{F44ED40C-78A5-4687-9BF5-99D9D1CE3A63}.Release|Any CPU.Build.0 = Release|Any CPU
	EndGlobalSection
	GlobalSection(SolutionProperties) = preSolution
		HideSolutionNode = FALSE
	EndGlobalSection
	GlobalSection(ExtensibilityGlobals) = postSolution
		SolutionGuid = {5B75FEFE-23F8-47F7-998F-3C6532E88AB9}
	EndGlobalSection
EndGlobal
